
Microsoft Visual Studio Solution File, Format Version 12.00
# Visual Studio 15
VisualStudioVersion = 15.0.27130.0
MinimumVisualStudioVersion = 10.0.40219.1
Project("{FAE04EC0-301F-11D3-BF4B-00C04F79EFBC}") = "DataFlowTests", "DataFlowTests\DataFlowTests.csproj", "{38B85A51-7401-48E9-B9D2-544D83A5A8BD}"
EndProject
Project("{FAE04EC0-301F-11D3-BF4B-00C04F79EFBC}") = "DataFlow", "DataFlow\DataFlow.csproj", "{6E716ED6-5303-4221-9069-E63A6C611FE8}"
EndProject
Project("{FAE04EC0-301F-11D3-BF4B-00C04F79EFBC}") = "TestApp1", "TestApp1\TestApp1.csproj", "{8D70BAE8-607A-4520-B7E6-92B2E9E93DC6}"
EndProject
Project("{FAE04EC0-301F-11D3-BF4B-00C04F79EFBC}") = "TestApp2", "TestApp2\TestApp2.csproj", "{25215FE2-7ABA-4E08-81BC-4795175C82B0}"
EndProject
Project("{FAE04EC0-301F-11D3-BF4B-00C04F79EFBC}") = "TestApp0", "TestApp0\TestApp0.csproj", "{9F5B29A8-8C90-48BE-AAC9-C4087F844860}"
EndProject
Global
	GlobalSection(SolutionConfigurationPlatforms) = preSolution
		Debug|Any CPU = Debug|Any CPU
		Release|Any CPU = Release|Any CPU
	EndGlobalSection
	GlobalSection(ProjectConfigurationPlatforms) = postSolution
		{38B85A51-7401-48E9-B9D2-544D83A5A8BD}.Debug|Any CPU.ActiveCfg = Debug|Any CPU
		{38B85A51-7401-48E9-B9D2-544D83A5A8BD}.Debug|Any CPU.Build.0 = Debug|Any CPU
		{38B85A51-7401-48E9-B9D2-544D83A5A8BD}.Release|Any CPU.ActiveCfg = Release|Any CPU
		{38B85A51-7401-48E9-B9D2-544D83A5A8BD}.Release|Any CPU.Build.0 = Release|Any CPU
		{6E716ED6-5303-4221-9069-E63A6C611FE8}.Debug|Any CPU.ActiveCfg = Debug|Any CPU
		{6E716ED6-5303-4221-9069-E63A6C611FE8}.Debug|Any CPU.Build.0 = Debug|Any CPU
		{6E716ED6-5303-4221-9069-E63A6C611FE8}.Release|Any CPU.ActiveCfg = Release|Any CPU
		{6E716ED6-5303-4221-9069-E63A6C611FE8}.Release|Any CPU.Build.0 = Release|Any CPU
		{8D70BAE8-607A-4520-B7E6-92B2E9E93DC6}.Debug|Any CPU.ActiveCfg = Debug|Any CPU
		{8D70BAE8-607A-4520-B7E6-92B2E9E93DC6}.Debug|Any CPU.Build.0 = Debug|Any CPU
		{8D70BAE8-607A-4520-B7E6-92B2E9E93DC6}.Release|Any CPU.ActiveCfg = Release|Any CPU
		{8D70BAE8-607A-4520-B7E6-92B2E9E93DC6}.Release|Any CPU.Build.0 = Release|Any CPU
		{25215FE2-7ABA-4E08-81BC-4795175C82B0}.Debug|Any CPU.ActiveCfg = Debug|Any CPU
		{25215FE2-7ABA-4E08-81BC-4795175C82B0}.Debug|Any CPU.Build.0 = Debug|Any CPU
		{25215FE2-7ABA-4E08-81BC-4795175C82B0}.Release|Any CPU.ActiveCfg = Release|Any CPU
		{25215FE2-7ABA-4E08-81BC-4795175C82B0}.Release|Any CPU.Build.0 = Release|Any CPU
		{9F5B29A8-8C90-48BE-AAC9-C4087F844860}.Debug|Any CPU.ActiveCfg = Debug|Any CPU
		{9F5B29A8-8C90-48BE-AAC9-C4087F844860}.Debug|Any CPU.Build.0 = Debug|Any CPU
		{9F5B29A8-8C90-48BE-AAC9-C4087F844860}.Release|Any CPU.ActiveCfg = Release|Any CPU
		{9F5B29A8-8C90-48BE-AAC9-C4087F844860}.Release|Any CPU.Build.0 = Release|Any CPU
	EndGlobalSection
	GlobalSection(SolutionProperties) = preSolution
		HideSolutionNode = FALSE
	EndGlobalSection
	GlobalSection(ExtensibilityGlobals) = postSolution
		SolutionGuid = {C447C999-B800-44C8-ACCF-BB826F6F59C2}
	EndGlobalSection
EndGlobal
